// !$*UTF8*$!
{
	archiveVersion = 1;
	classes = {
	};
	objectVersion = 46;
	objects = {

/* Begin PBXBuildFile section */
		06E23AB01AE4BC3000B35F31 /* AppDelegate.swift in Sources */ = {isa = PBXBuildFile; fileRef = 06E23AAF1AE4BC3000B35F31 /* AppDelegate.swift */; };
		06E23AB21AE4BC3000B35F31 /* ViewController.swift in Sources */ = {isa = PBXBuildFile; fileRef = 06E23AB11AE4BC3000B35F31 /* ViewController.swift */; };
		06E23AB51AE4BC3000B35F31 /* Main.storyboard in Resources */ = {isa = PBXBuildFile; fileRef = 06E23AB31AE4BC3000B35F31 /* Main.storyboard */; };
		06E23AB71AE4BC3000B35F31 /* Images.xcassets in Resources */ = {isa = PBXBuildFile; fileRef = 06E23AB61AE4BC3000B35F31 /* Images.xcassets */; };
		06E23ABA1AE4BC3000B35F31 /* LaunchScreen.xib in Resources */ = {isa = PBXBuildFile; fileRef = 06E23AB81AE4BC3000B35F31 /* LaunchScreen.xib */; };
		06E23AC61AE4BC3000B35F31 /* CaritasTests.swift in Sources */ = {isa = PBXBuildFile; fileRef = 06E23AC51AE4BC3000B35F31 /* CaritasTests.swift */; };
/* End PBXBuildFile section */

/* Begin PBXContainerItemProxy section */
		06E23AC01AE4BC3000B35F31 /* PBXContainerItemProxy */ = {
			isa = PBXContainerItemProxy;
			containerPortal = 06E23AA21AE4BC3000B35F31 /* Project object */;
			proxyType = 1;
			remoteGlobalIDString = 06E23AA91AE4BC3000B35F31;
			remoteInfo = Caritas;
		};
/* End PBXContainerItemProxy section */

/* Begin PBXFileReference section */
		06E23AAA1AE4BC3000B35F31 /* Caritas.app */ = {isa = PBXFileReference; explicitFileType = wrapper.application; includeInIndex = 0; path = Caritas.app; sourceTree = BUILT_PRODUCTS_DIR; };
		06E23AAE1AE4BC3000B35F31 /* Info.plist */ = {isa = PBXFileReference; lastKnownFileType = text.plist.xml; path = Info.plist; sourceTree = "<group>"; };
		06E23AAF1AE4BC3000B35F31 /* AppDelegate.swift */ = {isa = PBXFileReference; lastKnownFileType = sourcecode.swift; path = AppDelegate.swift; sourceTree = "<group>"; };
		06E23AB11AE4BC3000B35F31 /* ViewController.swift */ = {isa = PBXFileReference; lastKnownFileType = sourcecode.swift; path = ViewController.swift; sourceTree = "<group>"; };
		06E23AB41AE4BC3000B35F31 /* Base */ = {isa = PBXFileReference; lastKnownFileType = file.storyboard; name = Base; path = Base.lproj/Main.storyboard; sourceTree = "<group>"; };
		06E23AB61AE4BC3000B35F31 /* Images.xcassets */ = {isa = PBXFileReference; lastKnownFileType = folder.assetcatalog; path = Images.xcassets; sourceTree = "<group>"; };
		06E23AB91AE4BC3000B35F31 /* Base */ = {isa = PBXFileReference; lastKnownFileType = file.xib; name = Base; path = Base.lproj/LaunchScreen.xib; sourceTree = "<group>"; };
		06E23ABF1AE4BC3000B35F31 /* CaritasTests.xctest */ = {isa = PBXFileReference; explicitFileType = wrapper.cfbundle; includeInIndex = 0; path = CaritasTests.xctest; sourceTree = BUILT_PRODUCTS_DIR; };
		06E23AC41AE4BC3000B35F31 /* Info.plist */ = {isa = PBXFileReference; lastKnownFileType = text.plist.xml; path = Info.plist; sourceTree = "<group>"; };
		06E23AC51AE4BC3000B35F31 /* CaritasTests.swift */ = {isa = PBXFileReference; lastKnownFileType = sourcecode.swift; path = CaritasTests.swift; sourceTree = "<group>"; };
/* End PBXFileReference section */

/* Begin PBXFrameworksBuildPhase section */
		06E23AA71AE4BC3000B35F31 /* Frameworks */ = {
			isa = PBXFrameworksBuildPhase;
			buildActionMask = 2147483647;
			files = (
			);
			runOnlyForDeploymentPostprocessing = 0;
		};
		06E23ABC1AE4BC3000B35F31 /* Frameworks */ = {
			isa = PBXFrameworksBuildPhase;
			buildActionMask = 2147483647;
			files = (
			);
			runOnlyForDeploymentPostprocessing = 0;
		};
/* End PBXFrameworksBuildPhase section */

/* Begin PBXGroup section */
		06E23AA11AE4BC3000B35F31 = {
			isa = PBXGroup;
			children = (
				06E23AAC1AE4BC3000B35F31 /* Caritas */,
				06E23AC21AE4BC3000B35F31 /* CaritasTests */,
				06E23AAB1AE4BC3000B35F31 /* Products */,
			);
			sourceTree = "<group>";
		};
		06E23AAB1AE4BC3000B35F31 /* Products */ = {
			isa = PBXGroup;
			children = (
				06E23AAA1AE4BC3000B35F31 /* Caritas.app */,
				06E23ABF1AE4BC3000B35F31 /* CaritasTests.xctest */,
			);
			name = Products;
			sourceTree = "<group>";
		};
		06E23AAC1AE4BC3000B35F31 /* Caritas */ = {
			isa = PBXGroup;
			children = (
				06E23AAF1AE4BC3000B35F31 /* AppDelegate.swift */,
				06E23AB11AE4BC3000B35F31 /* ViewController.swift */,
				06E23AB31AE4BC3000B35F31 /* Main.storyboard */,
				06E23AB61AE4BC3000B35F31 /* Images.xcassets */,
				06E23AB81AE4BC3000B35F31 /* LaunchScreen.xib */,
				06E23AAD1AE4BC3000B35F31 /* Supporting Files */,
			);
			path = Caritas;
			sourceTree = "<group>";
		};
		06E23AAD1AE4BC3000B35F31 /* Supporting Files */ = {
			isa = PBXGroup;
			children = (
				06E23AAE1AE4BC3000B35F31 /* Info.plist */,
			);
			name = "Supporting Files";
			sourceTree = "<group>";
		};
		06E23AC21AE4BC3000B35F31 /* CaritasTests */ = {
			isa = PBXGroup;
			children = (
				06E23AC51AE4BC3000B35F31 /* CaritasTests.swift */,
				06E23AC31AE4BC3000B35F31 /* Supporting Files */,
			);
			path = CaritasTests;
			sourceTree = "<group>";
		};
		06E23AC31AE4BC3000B35F31 /* Supporting Files */ = {
			isa = PBXGroup;
			children = (
				06E23AC41AE4BC3000B35F31 /* Info.plist */,
			);
			name = "Supporting Files";
			sourceTree = "<group>";
		};
/* End PBXGroup section */

/* Begin PBXNativeTarget section */
		06E23AA91AE4BC3000B35F31 /* Caritas */ = {
			isa = PBXNativeTarget;
			buildConfigurationList = 06E23AC91AE4BC3000B35F31 /* Build configuration list for PBXNativeTarget "Caritas" */;
			buildPhases = (
				06E23AA61AE4BC3000B35F31 /* Sources */,
				06E23AA71AE4BC3000B35F31 /* Frameworks */,
				06E23AA81AE4BC3000B35F31 /* Resources */,
			);
			buildRules = (
			);
			dependencies = (
			);
			name = Caritas;
			productName = Caritas;
			productReference = 06E23AAA1AE4BC3000B35F31 /* Caritas.app */;
			productType = "com.apple.product-type.application";
		};
		06E23ABE1AE4BC3000B35F31 /* CaritasTests */ = {
			isa = PBXNativeTarget;
			buildConfigurationList = 06E23ACC1AE4BC3000B35F31 /* Build configuration list for PBXNativeTarget "CaritasTests" */;
			buildPhases = (
				06E23ABB1AE4BC3000B35F31 /* Sources */,
				06E23ABC1AE4BC3000B35F31 /* Frameworks */,
				06E23ABD1AE4BC3000B35F31 /* Resources */,
			);
			buildRules = (
			);
			dependencies = (
				06E23AC11AE4BC3000B35F31 /* PBXTargetDependency */,
			);
			name = CaritasTests;
			productName = CaritasTests;
			productReference = 06E23ABF1AE4BC3000B35F31 /* CaritasTests.xctest */;
			productType = "com.apple.product-type.bundle.unit-test";
		};
/* End PBXNativeTarget section */

/* Begin PBXProject section */
		06E23AA21AE4BC3000B35F31 /* Project object */ = {
			isa = PBXProject;
			attributes = {
				LastUpgradeCheck = 0630;
				ORGANIZATIONNAME = "Brounie SA de CV";
				TargetAttributes = {
					06E23AA91AE4BC3000B35F31 = {
						CreatedOnToolsVersion = 6.3;
					};
					06E23ABE1AE4BC3000B35F31 = {
						CreatedOnToolsVersion = 6.3;
						TestTargetID = 06E23AA91AE4BC3000B35F31;
					};
				};
			};
			buildConfigurationList = 06E23AA51AE4BC3000B35F31 /* Build configuration list for PBXProject "Caritas" */;
			compatibilityVersion = "Xcode 3.2";
			developmentRegion = English;
			hasScannedForEncodings = 0;
			knownRegions = (
				en,
				Base,
			);
			mainGroup = 06E23AA11AE4BC3000B35F31;
			productRefGroup = 06E23AAB1AE4BC3000B35F31 /* Products */;
			projectDirPath = "";
			projectRoot = "";
			targets = (
				06E23AA91AE4BC3000B35F31 /* Caritas */,
				06E23ABE1AE4BC3000B35F31 /* CaritasTests */,
			);
		};
/* End PBXProject section */

/* Begin PBXResourcesBuildPhase section */
		06E23AA81AE4BC3000B35F31 /* Resources */ = {
			isa = PBXResourcesBuildPhase;
			buildActionMask = 2147483647;
			files = (
				06E23AB51AE4BC3000B35F31 /* Main.storyboard in Resources */,
				06E23ABA1AE4BC3000B35F31 /* LaunchScreen.xib in Resources */,
				06E23AB71AE4BC3000B35F31 /* Images.xcassets in Resources */,
			);
			runOnlyForDeploymentPostprocessing = 0;
		};
		06E23ABD1AE4BC3000B35F31 /* Resources */ = {
			isa = PBXResourcesBuildPhase;
			buildActionMask = 2147483647;
			files = (
			);
			runOnlyForDeploymentPostprocessing = 0;
		};
/* End PBXResourcesBuildPhase section */

/* Begin PBXSourcesBuildPhase section */
		06E23AA61AE4BC3000B35F31 /* Sources */ = {
			isa = PBXSourcesBuildPhase;
			buildActionMask = 2147483647;
			files = (
				06E23AB21AE4BC3000B35F31 /* ViewController.swift in Sources */,
				06E23AB01AE4BC3000B35F31 /* AppDelegate.swift in Sources */,
			);
			runOnlyForDeploymentPostprocessing = 0;
		};
		06E23ABB1AE4BC3000B35F31 /* Sources */ = {
			isa = PBXSourcesBuildPhase;
			buildActionMask = 2147483647;
			files = (
				06E23AC61AE4BC3000B35F31 /* CaritasTests.swift in Sources */,
			);
			runOnlyForDeploymentPostprocessing = 0;
		};
/* End PBXSourcesBuildPhase section */

/* Begin PBXTargetDependency section */
		06E23AC11AE4BC3000B35F31 /* PBXTargetDependency */ = {
			isa = PBXTargetDependency;
			target = 06E23AA91AE4BC3000B35F31 /* Caritas */;
			targetProxy = 06E23AC01AE4BC3000B35F31 /* PBXContainerItemProxy */;
		};
/* End PBXTargetDependency section */

/* Begin PBXVariantGroup section */
		06E23AB31AE4BC3000B35F31 /* Main.storyboard */ = {
			isa = PBXVariantGroup;
			children = (
				06E23AB41AE4BC3000B35F31 /* Base */,
			);
			name = Main.storyboard;
			sourceTree = "<group>";
		};
		06E23AB81AE4BC3000B35F31 /* LaunchScreen.xib */ = {
			isa = PBXVariantGroup;
			children = (
				06E23AB91AE4BC3000B35F31 /* Base */,
			);
			name = LaunchScreen.xib;
			sourceTree = "<group>";
		};
/* End PBXVariantGroup section */

/* Begin XCBuildConfiguration section */
		06E23AC71AE4BC3000B35F31 /* Debug */ = {
			isa = XCBuildConfiguration;
			buildSettings = {
				ALWAYS_SEARCH_USER_PATHS = NO;
				CLANG_CXX_LANGUAGE_STANDARD = "gnu++0x";
				CLANG_CXX_LIBRARY = "libc++";
				CLANG_ENABLE_MODULES = YES;
				CLANG_ENABLE_OBJC_ARC = YES;
				CLANG_WARN_BOOL_CONVERSION = YES;
				CLANG_WARN_CONSTANT_CONVERSION = YES;
				CLANG_WARN_DIRECT_OBJC_ISA_USAGE = YES_ERROR;
				CLANG_WARN_EMPTY_BODY = YES;
				CLANG_WARN_ENUM_CONVERSION = YES;
				CLANG_WARN_INT_CONVERSION = YES;
				CLANG_WARN_OBJC_ROOT_CLASS = YES_ERROR;
				CLANG_WARN_UNREACHABLE_CODE = YES;
				CLANG_WARN__DUPLICATE_METHOD_MATCH = YES;
				"CODE_SIGN_IDENTITY[sdk=iphoneos*]" = "iPhone Developer";
				COPY_PHASE_STRIP = NO;
				DEBUG_INFORMATION_FORMAT = "dwarf-with-dsym";
				ENABLE_STRICT_OBJC_MSGSEND = YES;
				GCC_C_LANGUAGE_STANDARD = gnu99;
				GCC_DYNAMIC_NO_PIC = NO;
				GCC_NO_COMMON_BLOCKS = YES;
				GCC_OPTIMIZATION_LEVEL = 0;
				GCC_PREPROCESSOR_DEFINITIONS = (
					"DEBUG=1",
					"$(inherited)",
				);
				GCC_SYMBOLS_PRIVATE_EXTERN = NO;
				GCC_WARN_64_TO_32_BIT_CONVERSION = YES;
				GCC_WARN_ABOUT_RETURN_TYPE = YES_ERROR;
				GCC_WARN_UNDECLARED_SELECTOR = YES;
				GCC_WARN_UNINITIALIZED_AUTOS = YES_AGGRESSIVE;
				GCC_WARN_UNUSED_FUNCTION = YES;
				GCC_WARN_UNUSED_VARIABLE = YES;
				IPHONEOS_DEPLOYMENT_TARGET = 8.3;
				MTL_ENABLE_DEBUG_INFO = YES;
				ONLY_ACTIVE_ARCH = YES;
				SDKROOT = iphoneos;
				SWIFT_OPTIMIZATION_LEVEL = "-Onone";
				TARGETED_DEVICE_FAMILY = "1,2";
			};
			name = Debug;
		};
		06E23AC81AE4BC3000B35F31 /* Release */ = {
			isa = XCBuildConfiguration;
			buildSettings = {
				ALWAYS_SEARCH_USER_PATHS = NO;
				CLANG_CXX_LANGUAGE_STANDARD = "gnu++0x";
				CLANG_CXX_LIBRARY = "libc++";
				CLANG_ENABLE_MODULES = YES;
				CLANG_ENABLE_OBJC_ARC = YES;
				CLANG_WARN_BOOL_CONVERSION = YES;
				CLANG_WARN_CONSTANT_CONVERSION = YES;
				CLANG_WARN_DIRECT_OBJC_ISA_USAGE = YES_ERROR;
				CLANG_WARN_EMPTY_BODY = YES;
				CLANG_WARN_ENUM_CONVERSION = YES;
				CLANG_WARN_INT_CONVERSION = YES;
				CLANG_WARN_OBJC_ROOT_CLASS = YES_ERROR;
				CLANG_WARN_UNREACHABLE_CODE = YES;
				CLANG_WARN__DUPLICATE_METHOD_MATCH = YES;
				"CODE_SIGN_IDENTITY[sdk=iphoneos*]" = "iPhone Developer";
				COPY_PHASE_STRIP = NO;
				DEBUG_INFORMATION_FORMAT = "dwarf-with-dsym";
				ENABLE_NS_ASSERTIONS = NO;
				ENABLE_STRICT_OBJC_MSGSEND = YES;
				GCC_C_LANGUAGE_STANDARD = gnu99;
				GCC_NO_COMMON_BLOCKS = YES;
				GCC_WARN_64_TO_32_BIT_CONVERSION = YES;
				GCC_WARN_ABOUT_RETURN_TYPE = YES_ERROR;
				GCC_WARN_UNDECLARED_SELECTOR = YES;
				GCC_WARN_UNINITIALIZED_AUTOS = YES_AGGRESSIVE;
				GCC_WARN_UNUSED_FUNCTION = YES;
				GCC_WARN_UNUSED_VARIABLE = YES;
				IPHONEOS_DEPLOYMENT_TARGET = 8.3;
				MTL_ENABLE_DEBUG_INFO = NO;
				SDKROOT = iphoneos;
				TARGETED_DEVICE_FAMILY = "1,2";
				VALIDATE_PRODUCT = YES;
			};
			name = Release;
		};
		06E23ACA1AE4BC3000B35F31 /* Debug */ = {
			isa = XCBuildConfiguration;
			buildSettings = {
				ASSETCATALOG_COMPILER_APPICON_NAME = AppIcon;
				INFOPLIST_FILE = Caritas/Info.plist;
				LD_RUNPATH_SEARCH_PATHS = "$(inherited) @executable_path/Frameworks";
				PRODUCT_NAME = "$(TARGET_NAME)";
			};
			name = Debug;
		};
		06E23ACB1AE4BC3000B35F31 /* Release */ = {
			isa = XCBuildConfiguration;
			buildSettings = {
				ASSETCATALOG_COMPILER_APPICON_NAME = AppIcon;
				INFOPLIST_FILE = Caritas/Info.plist;
				LD_RUNPATH_SEARCH_PATHS = "$(inherited) @executable_path/Frameworks";
				PRODUCT_NAME = "$(TARGET_NAME)";
			};
			name = Release;
		};
		06E23ACD1AE4BC3000B35F31 /* Debug */ = {
			isa = XCBuildConfiguration;
			buildSettings = {
				BUNDLE_LOADER = "$(TEST_HOST)";
				FRAMEWORK_SEARCH_PATHS = (
					"$(SDKROOT)/Developer/Library/Frameworks",
					"$(inherited)",
				);
				GCC_PREPROCESSOR_DEFINITIONS = (
					"DEBUG=1",
					"$(inherited)",
				);
				INFOPLIST_FILE = CaritasTests/Info.plist;
				LD_RUNPATH_SEARCH_PATHS = "$(inherited) @executable_path/Frameworks @loader_path/Frameworks";
				PRODUCT_NAME = "$(TARGET_NAME)";
				TEST_HOST = "$(BUILT_PRODUCTS_DIR)/Caritas.app/Caritas";
			};
			name = Debug;
		};
		06E23ACE1AE4BC3000B35F31 /* Release */ = {
			isa = XCBuildConfiguration;
			buildSettings = {
				BUNDLE_LOADER = "$(TEST_HOST)";
				FRAMEWORK_SEARCH_PATHS = (
					"$(SDKROOT)/Developer/Library/Frameworks",
					"$(inherited)",
				);
				INFOPLIST_FILE = CaritasTests/Info.plist;
				LD_RUNPATH_SEARCH_PATHS = "$(inherited) @executable_path/Frameworks @loader_path/Frameworks";
				PRODUCT_NAME = "$(TARGET_NAME)";
				TEST_HOST = "$(BUILT_PRODUCTS_DIR)/Caritas.app/Caritas";
			};
			name = Release;
		};
/* End XCBuildConfiguration section */

/* Begin XCConfigurationList section */
		06E23AA51AE4BC3000B35F31 /* Build configuration list for PBXProject "Caritas" */ = {
			isa = XCConfigurationList;
			buildConfigurations = (
				06E23AC71AE4BC3000B35F31 /* Debug */,
				06E23AC81AE4BC3000B35F31 /* Release */,
			);
			defaultConfigurationIsVisible = 0;
			defaultConfigurationName = Release;
		};
		06E23AC91AE4BC3000B35F31 /* Build configuration list for PBXNativeTarget "Caritas" */ = {
			isa = XCConfigurationList;
			buildConfigurations = (
				06E23ACA1AE4BC3000B35F31 /* Debug */,
				06E23ACB1AE4BC3000B35F31 /* Release */,
			);
			defaultConfigurationIsVisible = 0;
		};
		06E23ACC1AE4BC3000B35F31 /* Build configuration list for PBXNativeTarget "CaritasTests" */ = {
			isa = XCConfigurationList;
			buildConfigurations = (
				06E23ACD1AE4BC3000B35F31 /* Debug */,
				06E23ACE1AE4BC3000B35F31 /* Release */,
			);
			defaultConfigurationIsVisible = 0;
		};
/* End XCConfigurationList section */
	};
	rootObject = 06E23AA21AE4BC3000B35F31 /* Project object */;
}
